
Microsoft Visual Studio Solution File, Format Version 12.00
# Visual Studio Version 17
VisualStudioVersion = 17.7.34031.279
MinimumVisualStudioVersion = 10.0.40219.1
Project("{FAE04EC0-301F-11D3-BF4B-00C04F79EFBC}") = "MDItask3ado", "MDItask3ado\MDItask3ado.csproj", "{A82C9DEF-6B1F-4345-AE51-57104B19E9B9}"
EndProject
Global
	GlobalSection(SolutionConfigurationPlatforms) = preSolution
		Debug|Any CPU = Debug|Any CPU
		Release|Any CPU = Release|Any CPU
	EndGlobalSection
	GlobalSection(ProjectConfigurationPlatforms) = postSolution
		{A82C9DEF-6B1F-4345-AE51-57104B19E9B9}.Debug|Any CPU.ActiveCfg = Debug|Any CPU
		{A82C9DEF-6B1F-4345-AE51-57104B19E9B9}.Debug|Any CPU.Build.0 = Debug|Any CPU
		{A82C9DEF-6B1F-4345-AE51-57104B19E9B9}.Release|Any CPU.ActiveCfg = Release|Any CPU
		{A82C9DEF-6B1F-4345-AE51-57104B19E9B9}.Release|Any CPU.Build.0 = Release|Any CPU
	EndGlobalSection
	GlobalSection(SolutionProperties) = preSolution
		HideSolutionNode = FALSE
	EndGlobalSection
	GlobalSection(ExtensibilityGlobals) = postSolution
		SolutionGuid = {BD48EEEC-F963-4148-A61C-46E106470AD0}
	EndGlobalSection
EndGlobal
