
Microsoft Visual Studio Solution File, Format Version 12.00
# Visual Studio Version 17
VisualStudioVersion = 17.7.34031.279
MinimumVisualStudioVersion = 10.0.40219.1
Project("{FAE04EC0-301F-11D3-BF4B-00C04F79EFBC}") = "ShopManagementA1", "ShopManagementA1\ShopManagementA1.csproj", "{64F81216-7396-4D87-BFD0-5847ED7FBB92}"
EndProject
Global
	GlobalSection(SolutionConfigurationPlatforms) = preSolution
		Debug|Any CPU = Debug|Any CPU
		Release|Any CPU = Release|Any CPU
	EndGlobalSection
	GlobalSection(ProjectConfigurationPlatforms) = postSolution
		{64F81216-7396-4D87-BFD0-5847ED7FBB92}.Debug|Any CPU.ActiveCfg = Debug|Any CPU
		{64F81216-7396-4D87-BFD0-5847ED7FBB92}.Debug|Any CPU.Build.0 = Debug|Any CPU
		{64F81216-7396-4D87-BFD0-5847ED7FBB92}.Release|Any CPU.ActiveCfg = Release|Any CPU
		{64F81216-7396-4D87-BFD0-5847ED7FBB92}.Release|Any CPU.Build.0 = Release|Any CPU
	EndGlobalSection
	GlobalSection(SolutionProperties) = preSolution
		HideSolutionNode = FALSE
	EndGlobalSection
	GlobalSection(ExtensibilityGlobals) = postSolution
		SolutionGuid = {2C6ADB69-F555-4313-9CFA-DD74BFF2378A}
	EndGlobalSection
EndGlobal
